{
  "version": 4,
  "terraform_version": "1.13.2",
  "serial": 15,
  "lineage": "ca03314a-b593-2425-ba33-6d34c9496bf9",
  "outputs": {
    "productos_url": {
      "value": "https://1d6xamk8w3.execute-api.us-east-1.amazonaws.com/products",
      "type": "string"
    },
    "resenas_url": {
      "value": "https://fjsuvyjvbb.execute-api.us-east-1.amazonaws.com/reviews",
      "type": "string"
    }
  },
  "resources": [
    {
      "mode": "data",
      "type": "archive_file",
      "name": "productos_zip",
      "provider": "provider[\"registry.terraform.io/hashicorp/archive\"]",
      "instances": [
        {
          "schema_version": 0,
          "attributes": {
            "exclude_symlink_directories": null,
            "excludes": null,
            "id": "d9e2e32a3ea0e3a71782d2d46acbc555d1a9bf1e",
            "output_base64sha256": "N0fEt4H4uHY7MqHFcbAoqEB9opABmGL9gHn2zVj22/M=",
            "output_base64sha512": "y46fxVYX5YbDq7zcM7yDqNOtuMWDhrXD9T7hY9o/ktFMi2fLUO4+JrC6yLKZ9M0uvrjFietCW3PBJTM/0jPPBg==",
            "output_file_mode": null,
            "output_md5": "19d58524c76b961baecbfe672ba8b436",
            "output_path": "./lambda_productos.zip",
            "output_sha": "d9e2e32a3ea0e3a71782d2d46acbc555d1a9bf1e",
            "output_sha256": "3747c4b781f8b8763b32a1c571b028a8407da290019862fd8079f6cd58f6dbf3",
            "output_sha512": "cb8e9fc55617e586c3abbcdc33bc83a8d3adb8c58386b5c3f53ee163da3f92d14c8b67cb50ee3e26b0bac8b299f4cd2ebeb8c589eb425b73c125333fd233cf06",
            "output_size": 532,
            "source": [],
            "source_content": null,
            "source_content_filename": null,
            "source_dir": "./lambda_productos",
            "source_file": null,
            "type": "zip"
          },
          "sensitive_attributes": [],
          "identity_schema_version": 0
        }
      ]
    },
    {
      "mode": "data",
      "type": "archive_file",
      "name": "resenas_zip",
      "provider": "provider[\"registry.terraform.io/hashicorp/archive\"]",
      "instances": [
        {
          "schema_version": 0,
          "attributes": {
            "exclude_symlink_directories": null,
            "excludes": null,
            "id": "9f1e530f6185c8f3e90a78c6ec93549050cd309c",
            "output_base64sha256": "7PfSBZOGdqqXgr1qBOGddNDt72B2HyHSw91AntQlY7U=",
            "output_base64sha512": "f/8tOKscn+iZTvetEvePF7DEWkoKJY4x0r+7+YeLVgrSpveUO85dkMmKt2rvSW2RiPDqLp1RKgUKxJiKcsw+9w==",
            "output_file_mode": null,
            "output_md5": "568223056c054309306623b71b084a8e",
            "output_path": "./lambda_resenas.zip",
            "output_sha": "9f1e530f6185c8f3e90a78c6ec93549050cd309c",
            "output_sha256": "ecf7d205938676aa9782bd6a04e19d74d0edef60761f21d2c3dd409ed42563b5",
            "output_sha512": "7fff2d38ab1c9fe8994ef7ad12f78f17b0c45a4a0a258e31d2bfbbf9878b560ad2a6f7943bce5d90c98ab76aef496d9188f0ea2e9d512a050ac4988a72cc3ef7",
            "output_size": 958,
            "source": [],
            "source_content": null,
            "source_content_filename": null,
            "source_dir": "./lambda_resenas",
            "source_file": null,
            "type": "zip"
          },
          "sensitive_attributes": [],
          "identity_schema_version": 0
        }
      ]
    },
    {
      "mode": "data",
      "type": "aws_iam_policy_document",
      "name": "lambda_assume",
      "provider": "provider[\"registry.terraform.io/hashicorp/aws\"]",
      "instances": [
        {
          "schema_version": 0,
          "attributes": {
            "id": "2690255455",
            "json": "{\n  \"Version\": \"2012-10-17\",\n  \"Statement\": [\n    {\n      \"Effect\": \"Allow\",\n      \"Action\": \"sts:AssumeRole\",\n      \"Principal\": {\n        \"Service\": \"lambda.amazonaws.com\"\n      }\n    }\n  ]\n}",
            "minified_json": "{\"Version\":\"2012-10-17\",\"Statement\":[{\"Effect\":\"Allow\",\"Action\":\"sts:AssumeRole\",\"Principal\":{\"Service\":\"lambda.amazonaws.com\"}}]}",
            "override_json": null,
            "override_policy_documents": null,
            "policy_id": null,
            "source_json": null,
            "source_policy_documents": null,
            "statement": [
              {
                "actions": [
                  "sts:AssumeRole"
                ],
                "condition": [],
                "effect": "Allow",
                "not_actions": [],
                "not_principals": [],
                "not_resources": [],
                "principals": [
                  {
                    "identifiers": [
                      "lambda.amazonaws.com"
                    ],
                    "type": "Service"
                  }
                ],
                "resources": [],
                "sid": ""
              }
            ],
            "version": "2012-10-17"
          },
          "sensitive_attributes": [],
          "identity_schema_version": 0
        }
      ]
    },
    {
      "mode": "managed",
      "type": "aws_apigatewayv2_api",
      "name": "productos_api",
      "provider": "provider[\"registry.terraform.io/hashicorp/aws\"]",
      "instances": [
        {
          "schema_version": 0,
          "attributes": {
            "api_endpoint": "https://1d6xamk8w3.execute-api.us-east-1.amazonaws.com",
            "api_key_selection_expression": "$request.header.x-api-key",
            "arn": "arn:aws:apigateway:us-east-1::/apis/1d6xamk8w3",
            "body": null,
            "cors_configuration": [],
            "credentials_arn": null,
            "description": "",
            "disable_execute_api_endpoint": false,
            "execution_arn": "arn:aws:execute-api:us-east-1:512151519299:1d6xamk8w3",
            "fail_on_warnings": null,
            "id": "1d6xamk8w3",
            "ip_address_type": "ipv4",
            "name": "productos-http-api",
            "protocol_type": "HTTP",
            "region": "us-east-1",
            "route_key": null,
            "route_selection_expression": "$request.method $request.path",
            "tags": null,
            "tags_all": {},
            "target": null,
            "version": ""
          },
          "sensitive_attributes": [],
          "identity_schema_version": 0,
          "private": "bnVsbA=="
        }
      ]
    },
    {
      "mode": "managed",
      "type": "aws_apigatewayv2_api",
      "name": "resenas_api",
      "provider": "provider[\"registry.terraform.io/hashicorp/aws\"]",
      "instances": [
        {
          "schema_version": 0,
          "attributes": {
            "api_endpoint": "https://fjsuvyjvbb.execute-api.us-east-1.amazonaws.com",
            "api_key_selection_expression": "$request.header.x-api-key",
            "arn": "arn:aws:apigateway:us-east-1::/apis/fjsuvyjvbb",
            "body": null,
            "cors_configuration": [],
            "credentials_arn": null,
            "description": "",
            "disable_execute_api_endpoint": false,
            "execution_arn": "arn:aws:execute-api:us-east-1:512151519299:fjsuvyjvbb",
            "fail_on_warnings": null,
            "id": "fjsuvyjvbb",
            "ip_address_type": "ipv4",
            "name": "resenas-http-api",
            "protocol_type": "HTTP",
            "region": "us-east-1",
            "route_key": null,
            "route_selection_expression": "$request.method $request.path",
            "tags": null,
            "tags_all": {},
            "target": null,
            "version": ""
          },
          "sensitive_attributes": [],
          "identity_schema_version": 0,
          "private": "bnVsbA=="
        }
      ]
    },
    {
      "mode": "managed",
      "type": "aws_apigatewayv2_integration",
      "name": "productos_integration",
      "provider": "provider[\"registry.terraform.io/hashicorp/aws\"]",
      "instances": [
        {
          "schema_version": 0,
          "attributes": {
            "api_id": "1d6xamk8w3",
            "connection_id": "",
            "connection_type": "INTERNET",
            "content_handling_strategy": "",
            "credentials_arn": "",
            "description": "",
            "id": "hvq3evp",
            "integration_method": "POST",
            "integration_response_selection_expression": "",
            "integration_subtype": "",
            "integration_type": "AWS_PROXY",
            "integration_uri": "arn:aws:apigateway:us-east-1:lambda:path/2015-03-31/functions/arn:aws:lambda:us-east-1:512151519299:function:productos-ms/invocations",
            "passthrough_behavior": "",
            "payload_format_version": "2.0",
            "region": "us-east-1",
            "request_parameters": null,
            "request_templates": null,
            "response_parameters": [],
            "template_selection_expression": "",
            "timeout_milliseconds": 30000,
            "tls_config": []
          },
          "sensitive_attributes": [],
          "identity_schema_version": 0,
          "private": "bnVsbA==",
          "dependencies": [
            "aws_apigatewayv2_api.productos_api",
            "aws_iam_role.lambda_role",
            "aws_lambda_function.productos",
            "data.archive_file.productos_zip",
            "data.aws_iam_policy_document.lambda_assume"
          ]
        }
      ]
    },
    {
      "mode": "managed",
      "type": "aws_apigatewayv2_integration",
      "name": "resenas_integration",
      "provider": "provider[\"registry.terraform.io/hashicorp/aws\"]",
      "instances": [
        {
          "schema_version": 0,
          "attributes": {
            "api_id": "fjsuvyjvbb",
            "connection_id": "",
            "connection_type": "INTERNET",
            "content_handling_strategy": "",
            "credentials_arn": "",
            "description": "",
            "id": "r2nnzjq",
            "integration_method": "POST",
            "integration_response_selection_expression": "",
            "integration_subtype": "",
            "integration_type": "AWS_PROXY",
            "integration_uri": "arn:aws:apigateway:us-east-1:lambda:path/2015-03-31/functions/arn:aws:lambda:us-east-1:512151519299:function:resenas-ms/invocations",
            "passthrough_behavior": "",
            "payload_format_version": "2.0",
            "region": "us-east-1",
            "request_parameters": null,
            "request_templates": null,
            "response_parameters": [],
            "template_selection_expression": "",
            "timeout_milliseconds": 30000,
            "tls_config": []
          },
          "sensitive_attributes": [],
          "identity_schema_version": 0,
          "private": "bnVsbA==",
          "dependencies": [
            "aws_apigatewayv2_api.productos_api",
            "aws_apigatewayv2_api.resenas_api",
            "aws_apigatewayv2_stage.productos_stage",
            "aws_iam_role.lambda_role",
            "aws_lambda_function.resenas",
            "data.archive_file.resenas_zip",
            "data.aws_iam_policy_document.lambda_assume"
          ]
        }
      ]
    },
    {
      "mode": "managed",
      "type": "aws_apigatewayv2_route",
      "name": "productos_route",
      "provider": "provider[\"registry.terraform.io/hashicorp/aws\"]",
      "instances": [
        {
          "schema_version": 0,
          "attributes": {
            "api_id": "1d6xamk8w3",
            "api_key_required": false,
            "authorization_scopes": null,
            "authorization_type": "NONE",
            "authorizer_id": "",
            "id": "bch0h1l",
            "model_selection_expression": "",
            "operation_name": "",
            "region": "us-east-1",
            "request_models": null,
            "request_parameter": [],
            "route_key": "GET /products",
            "route_response_selection_expression": "",
            "target": "integrations/hvq3evp"
          },
          "sensitive_attributes": [],
          "identity_schema_version": 0,
          "private": "bnVsbA==",
          "dependencies": [
            "aws_apigatewayv2_api.productos_api",
            "aws_apigatewayv2_integration.productos_integration",
            "aws_iam_role.lambda_role",
            "aws_lambda_function.productos",
            "data.archive_file.productos_zip",
            "data.aws_iam_policy_document.lambda_assume"
          ]
        }
      ]
    },
    {
      "mode": "managed",
      "type": "aws_apigatewayv2_route",
      "name": "resenas_route",
      "provider": "provider[\"registry.terraform.io/hashicorp/aws\"]",
      "instances": [
        {
          "schema_version": 0,
          "attributes": {
            "api_id": "fjsuvyjvbb",
            "api_key_required": false,
            "authorization_scopes": null,
            "authorization_type": "NONE",
            "authorizer_id": "",
            "id": "mafkctr",
            "model_selection_expression": "",
            "operation_name": "",
            "region": "us-east-1",
            "request_models": null,
            "request_parameter": [],
            "route_key": "POST /reviews",
            "route_response_selection_expression": "",
            "target": "integrations/r2nnzjq"
          },
          "sensitive_attributes": [],
          "identity_schema_version": 0,
          "private": "bnVsbA==",
          "dependencies": [
            "aws_apigatewayv2_api.productos_api",
            "aws_apigatewayv2_api.resenas_api",
            "aws_apigatewayv2_integration.resenas_integration",
            "aws_apigatewayv2_stage.productos_stage",
            "aws_iam_role.lambda_role",
            "aws_lambda_function.resenas",
            "data.archive_file.resenas_zip",
            "data.aws_iam_policy_document.lambda_assume"
          ]
        }
      ]
    },
    {
      "mode": "managed",
      "type": "aws_apigatewayv2_stage",
      "name": "productos_stage",
      "provider": "provider[\"registry.terraform.io/hashicorp/aws\"]",
      "instances": [
        {
          "schema_version": 0,
          "attributes": {
            "access_log_settings": [],
            "api_id": "1d6xamk8w3",
            "arn": "arn:aws:apigateway:us-east-1::/apis/1d6xamk8w3/stages/$default",
            "auto_deploy": true,
            "client_certificate_id": "",
            "default_route_settings": [
              {
                "data_trace_enabled": false,
                "detailed_metrics_enabled": false,
                "logging_level": "",
                "throttling_burst_limit": 0,
                "throttling_rate_limit": 0
              }
            ],
            "deployment_id": "",
            "description": "",
            "execution_arn": "arn:aws:execute-api:us-east-1:512151519299:1d6xamk8w3/$default",
            "id": "$default",
            "invoke_url": "https://1d6xamk8w3.execute-api.us-east-1.amazonaws.com/",
            "name": "$default",
            "region": "us-east-1",
            "route_settings": [],
            "stage_variables": null,
            "tags": null,
            "tags_all": {}
          },
          "sensitive_attributes": [],
          "identity_schema_version": 0,
          "private": "bnVsbA==",
          "dependencies": [
            "aws_apigatewayv2_api.productos_api"
          ]
        }
      ]
    },
    {
      "mode": "managed",
      "type": "aws_apigatewayv2_stage",
      "name": "resenas_stage",
      "provider": "provider[\"registry.terraform.io/hashicorp/aws\"]",
      "instances": [
        {
          "schema_version": 0,
          "attributes": {
            "access_log_settings": [],
            "api_id": "fjsuvyjvbb",
            "arn": "arn:aws:apigateway:us-east-1::/apis/fjsuvyjvbb/stages/$default",
            "auto_deploy": true,
            "client_certificate_id": "",
            "default_route_settings": [
              {
                "data_trace_enabled": false,
                "detailed_metrics_enabled": false,
                "logging_level": "",
                "throttling_burst_limit": 0,
                "throttling_rate_limit": 0
              }
            ],
            "deployment_id": "",
            "description": "",
            "execution_arn": "arn:aws:execute-api:us-east-1:512151519299:fjsuvyjvbb/$default",
            "id": "$default",
            "invoke_url": "https://fjsuvyjvbb.execute-api.us-east-1.amazonaws.com/",
            "name": "$default",
            "region": "us-east-1",
            "route_settings": [],
            "stage_variables": null,
            "tags": null,
            "tags_all": {}
          },
          "sensitive_attributes": [],
          "identity_schema_version": 0,
          "private": "bnVsbA==",
          "dependencies": [
            "aws_apigatewayv2_api.resenas_api"
          ]
        }
      ]
    },
    {
      "mode": "managed",
      "type": "aws_iam_role",
      "name": "lambda_role",
      "provider": "provider[\"registry.terraform.io/hashicorp/aws\"]",
      "instances": [
        {
          "schema_version": 0,
          "attributes": {
            "arn": "arn:aws:iam::512151519299:role/ms-basic-lambda-role",
            "assume_role_policy": "{\"Statement\":[{\"Action\":\"sts:AssumeRole\",\"Effect\":\"Allow\",\"Principal\":{\"Service\":\"lambda.amazonaws.com\"}}],\"Version\":\"2012-10-17\"}",
            "create_date": "2025-09-23T05:04:55Z",
            "description": "",
            "force_detach_policies": false,
            "id": "ms-basic-lambda-role",
            "inline_policy": [],
            "managed_policy_arns": [],
            "max_session_duration": 3600,
            "name": "ms-basic-lambda-role",
            "name_prefix": "",
            "path": "/",
            "permissions_boundary": "",
            "tags": null,
            "tags_all": {},
            "unique_id": "AROAXOPU4ABBTATDVOACZ"
          },
          "sensitive_attributes": [],
          "identity_schema_version": 0,
          "identity": {
            "account_id": "512151519299",
            "name": "ms-basic-lambda-role"
          },
          "private": "bnVsbA==",
          "dependencies": [
            "data.aws_iam_policy_document.lambda_assume"
          ]
        }
      ]
    },
    {
      "mode": "managed",
      "type": "aws_iam_role_policy_attachment",
      "name": "lambda_basic_logs",
      "provider": "provider[\"registry.terraform.io/hashicorp/aws\"]",
      "instances": [
        {
          "schema_version": 0,
          "attributes": {
            "id": "ms-basic-lambda-role/arn:aws:iam::aws:policy/service-role/AWSLambdaBasicExecutionRole",
            "policy_arn": "arn:aws:iam::aws:policy/service-role/AWSLambdaBasicExecutionRole",
            "role": "ms-basic-lambda-role"
          },
          "sensitive_attributes": [],
          "identity_schema_version": 0,
          "identity": {
            "account_id": "512151519299",
            "policy_arn": "arn:aws:iam::aws:policy/service-role/AWSLambdaBasicExecutionRole",
            "role": "ms-basic-lambda-role"
          },
          "private": "bnVsbA==",
          "dependencies": [
            "aws_iam_role.lambda_role",
            "data.aws_iam_policy_document.lambda_assume"
          ]
        }
      ]
    },
    {
      "mode": "managed",
      "type": "aws_lambda_function",
      "name": "productos",
      "provider": "provider[\"registry.terraform.io/hashicorp/aws\"]",
      "instances": [
        {
          "schema_version": 0,
          "attributes": {
            "architectures": [
              "x86_64"
            ],
            "arn": "arn:aws:lambda:us-east-1:512151519299:function:productos-ms",
            "code_sha256": "N0fEt4H4uHY7MqHFcbAoqEB9opABmGL9gHn2zVj22/M=",
            "code_signing_config_arn": "",
            "dead_letter_config": [],
            "description": "",
            "environment": [],
            "ephemeral_storage": [
              {
                "size": 512
              }
            ],
            "file_system_config": [],
            "filename": "./lambda_productos.zip",
            "function_name": "productos-ms",
            "handler": "lambda_function.lambda_handler",
            "id": "productos-ms",
            "image_config": [],
            "image_uri": "",
            "invoke_arn": "arn:aws:apigateway:us-east-1:lambda:path/2015-03-31/functions/arn:aws:lambda:us-east-1:512151519299:function:productos-ms/invocations",
            "kms_key_arn": "",
            "last_modified": "2025-09-23T05:05:05.475+0000",
            "layers": null,
            "logging_config": [
              {
                "application_log_level": "",
                "log_format": "Text",
                "log_group": "/aws/lambda/productos-ms",
                "system_log_level": ""
              }
            ],
            "memory_size": 128,
            "package_type": "Zip",
            "publish": false,
            "qualified_arn": "arn:aws:lambda:us-east-1:512151519299:function:productos-ms:$LATEST",
            "qualified_invoke_arn": "arn:aws:apigateway:us-east-1:lambda:path/2015-03-31/functions/arn:aws:lambda:us-east-1:512151519299:function:productos-ms:$LATEST/invocations",
            "region": "us-east-1",
            "replace_security_groups_on_destroy": null,
            "replacement_security_group_ids": null,
            "reserved_concurrent_executions": -1,
            "role": "arn:aws:iam::512151519299:role/ms-basic-lambda-role",
            "runtime": "python3.12",
            "s3_bucket": null,
            "s3_key": null,
            "s3_object_version": null,
            "signing_job_arn": "",
            "signing_profile_version_arn": "",
            "skip_destroy": false,
            "snap_start": [],
            "source_code_hash": "N0fEt4H4uHY7MqHFcbAoqEB9opABmGL9gHn2zVj22/M=",
            "source_code_size": 532,
            "source_kms_key_arn": "",
            "tags": null,
            "tags_all": {},
            "timeout": 10,
            "timeouts": null,
            "tracing_config": [
              {
                "mode": "PassThrough"
              }
            ],
            "version": "$LATEST",
            "vpc_config": []
          },
          "sensitive_attributes": [],
          "identity_schema_version": 0,
          "identity": {
            "account_id": "512151519299",
            "function_name": "productos-ms",
            "region": "us-east-1"
          },
          "private": "eyJlMmJmYjczMC1lY2FhLTExZTYtOGY4OC0zNDM2M2JjN2M0YzAiOnsiY3JlYXRlIjo2MDAwMDAwMDAwMDAsImRlbGV0ZSI6NjAwMDAwMDAwMDAwLCJ1cGRhdGUiOjYwMDAwMDAwMDAwMH19",
          "dependencies": [
            "aws_iam_role.lambda_role",
            "data.archive_file.productos_zip",
            "data.aws_iam_policy_document.lambda_assume"
          ]
        }
      ]
    },
    {
      "mode": "managed",
      "type": "aws_lambda_function",
      "name": "resenas",
      "provider": "provider[\"registry.terraform.io/hashicorp/aws\"]",
      "instances": [
        {
          "schema_version": 0,
          "attributes": {
            "architectures": [
              "x86_64"
            ],
            "arn": "arn:aws:lambda:us-east-1:512151519299:function:resenas-ms",
            "code_sha256": "7PfSBZOGdqqXgr1qBOGddNDt72B2HyHSw91AntQlY7U=",
            "code_signing_config_arn": "",
            "dead_letter_config": [],
            "description": "",
            "environment": [
              {
                "variables": {
                  "PRODUCTS_API_URL": "https://1d6xamk8w3.execute-api.us-east-1.amazonaws.com/products"
                }
              }
            ],
            "ephemeral_storage": [
              {
                "size": 512
              }
            ],
            "file_system_config": [],
            "filename": "./lambda_resenas.zip",
            "function_name": "resenas-ms",
            "handler": "lambda_function.lambda_handler",
            "id": "resenas-ms",
            "image_config": [],
            "image_uri": "",
            "invoke_arn": "arn:aws:apigateway:us-east-1:lambda:path/2015-03-31/functions/arn:aws:lambda:us-east-1:512151519299:function:resenas-ms/invocations",
            "kms_key_arn": "",
            "last_modified": "2025-09-23T05:05:11.894+0000",
            "layers": null,
            "logging_config": [
              {
                "application_log_level": "",
                "log_format": "Text",
                "log_group": "/aws/lambda/resenas-ms",
                "system_log_level": ""
              }
            ],
            "memory_size": 128,
            "package_type": "Zip",
            "publish": false,
            "qualified_arn": "arn:aws:lambda:us-east-1:512151519299:function:resenas-ms:$LATEST",
            "qualified_invoke_arn": "arn:aws:apigateway:us-east-1:lambda:path/2015-03-31/functions/arn:aws:lambda:us-east-1:512151519299:function:resenas-ms:$LATEST/invocations",
            "region": "us-east-1",
            "replace_security_groups_on_destroy": null,
            "replacement_security_group_ids": null,
            "reserved_concurrent_executions": -1,
            "role": "arn:aws:iam::512151519299:role/ms-basic-lambda-role",
            "runtime": "python3.12",
            "s3_bucket": null,
            "s3_key": null,
            "s3_object_version": null,
            "signing_job_arn": "",
            "signing_profile_version_arn": "",
            "skip_destroy": false,
            "snap_start": [],
            "source_code_hash": "7PfSBZOGdqqXgr1qBOGddNDt72B2HyHSw91AntQlY7U=",
            "source_code_size": 958,
            "source_kms_key_arn": "",
            "tags": null,
            "tags_all": {},
            "timeout": 10,
            "timeouts": null,
            "tracing_config": [
              {
                "mode": "PassThrough"
              }
            ],
            "version": "$LATEST",
            "vpc_config": []
          },
          "sensitive_attributes": [],
          "identity_schema_version": 0,
          "identity": {
            "account_id": "512151519299",
            "function_name": "resenas-ms",
            "region": "us-east-1"
          },
          "private": "eyJlMmJmYjczMC1lY2FhLTExZTYtOGY4OC0zNDM2M2JjN2M0YzAiOnsiY3JlYXRlIjo2MDAwMDAwMDAwMDAsImRlbGV0ZSI6NjAwMDAwMDAwMDAwLCJ1cGRhdGUiOjYwMDAwMDAwMDAwMH19",
          "dependencies": [
            "aws_apigatewayv2_api.productos_api",
            "aws_apigatewayv2_stage.productos_stage",
            "aws_iam_role.lambda_role",
            "data.archive_file.resenas_zip",
            "data.aws_iam_policy_document.lambda_assume"
          ]
        }
      ]
    },
    {
      "mode": "managed",
      "type": "aws_lambda_permission",
      "name": "allow_apigw_invoke_productos",
      "provider": "provider[\"registry.terraform.io/hashicorp/aws\"]",
      "instances": [
        {
          "schema_version": 0,
          "attributes": {
            "action": "lambda:InvokeFunction",
            "event_source_token": null,
            "function_name": "productos-ms",
            "function_url_auth_type": null,
            "id": "AllowAPIGatewayInvokeProductos",
            "principal": "apigateway.amazonaws.com",
            "principal_org_id": null,
            "qualifier": "",
            "region": "us-east-1",
            "source_account": null,
            "source_arn": "arn:aws:execute-api:us-east-1:512151519299:1d6xamk8w3/*/*",
            "statement_id": "AllowAPIGatewayInvokeProductos",
            "statement_id_prefix": ""
          },
          "sensitive_attributes": [],
          "identity_schema_version": 0,
          "identity": {
            "account_id": "512151519299",
            "function_name": "productos-ms",
            "qualifier": null,
            "region": "us-east-1",
            "statement_id": "AllowAPIGatewayInvokeProductos"
          },
          "private": "bnVsbA==",
          "dependencies": [
            "aws_apigatewayv2_api.productos_api",
            "aws_iam_role.lambda_role",
            "aws_lambda_function.productos",
            "data.archive_file.productos_zip",
            "data.aws_iam_policy_document.lambda_assume"
          ]
        }
      ]
    },
    {
      "mode": "managed",
      "type": "aws_lambda_permission",
      "name": "allow_apigw_invoke_resenas",
      "provider": "provider[\"registry.terraform.io/hashicorp/aws\"]",
      "instances": [
        {
          "schema_version": 0,
          "attributes": {
            "action": "lambda:InvokeFunction",
            "event_source_token": null,
            "function_name": "resenas-ms",
            "function_url_auth_type": null,
            "id": "AllowAPIGatewayInvokeResenas",
            "principal": "apigateway.amazonaws.com",
            "principal_org_id": null,
            "qualifier": "",
            "region": "us-east-1",
            "source_account": null,
            "source_arn": "arn:aws:execute-api:us-east-1:512151519299:fjsuvyjvbb/*/*",
            "statement_id": "AllowAPIGatewayInvokeResenas",
            "statement_id_prefix": ""
          },
          "sensitive_attributes": [],
          "identity_schema_version": 0,
          "identity": {
            "account_id": "512151519299",
            "function_name": "resenas-ms",
            "qualifier": null,
            "region": "us-east-1",
            "statement_id": "AllowAPIGatewayInvokeResenas"
          },
          "private": "bnVsbA==",
          "dependencies": [
            "aws_apigatewayv2_api.productos_api",
            "aws_apigatewayv2_api.resenas_api",
            "aws_apigatewayv2_stage.productos_stage",
            "aws_iam_role.lambda_role",
            "aws_lambda_function.resenas",
            "data.archive_file.resenas_zip",
            "data.aws_iam_policy_document.lambda_assume"
          ]
        }
      ]
    }
  ],
  "check_results": null
}
